<?xml version="1.0" encoding="utf-8"?>
<Project ToolsVersion="4.0" xmlns="http://schemas.microsoft.com/developer/msbuild/2003">
  <ItemGroup>
    <ClCompile Include="src\ocvRealsenseWrapper.cpp" />
    <ClCompile Include="src\rs2DeviceContainer.cpp" />
    <ClCompile Include="src\static.cpp" />
    <ClCompile Include="src\helpers.cpp" />
    <ClCompile Include="src\nuiRealSenseModule.cpp" />
    <ClCompile Include="src\oclRSWorldProcessor.cpp">
      <Filter>ocl</Filter>
    </ClCompile>
  </ItemGroup>
  <ItemGroup>
    <ClInclude Include="src\nuiRealSenseModule.h" />
    <ClInclude Include="src\ocvRealsenseWrapper.h" />
    <ClInclude Include="src\rs2DeviceContainer.h" />
    <ClInclude Include="src\static.h" />
    <ClInclude Include="src\helpers.h" />
    <ClInclude Include="src\oclRSWorldProcessor.h">
      <Filter>ocl</Filter>
    </ClInclude>
  </ItemGroup>
  <ItemGroup>
    <Filter Include="ocl">
      <UniqueIdentifier>{4965d8c7-ba8d-4dcc-af3c-090c9aebae0b}</UniqueIdentifier>
    </Filter>
    <Filter Include="ocl\kernels">
      <UniqueIdentifier>{1af769b5-dafd-4265-a46a-5d763df234fb}</UniqueIdentifier>
    </Filter>
  </ItemGroup>
  <ItemGroup>
    <None Include="ocl\calcWorldCoordinatesNormal.cl">
      <Filter>ocl\kernels</Filter>
    </None>
    <None Include="ocl\rotate.cl">
      <Filter>ocl\kernels</Filter>
    </None>
    <None Include="ocl\processWorld.cl">
      <Filter>ocl\kernels</Filter>
    </None>
    <None Include="ocl\getTouchedPoints.cl">
      <Filter>ocl\kernels</Filter>
    </None>
  </ItemGroup>
</Project>