<?xml version="1.0" encoding="utf-8"?>
<Project ToolsVersion="4.0" xmlns="http://schemas.microsoft.com/developer/msbuild/2003">
  <ItemGroup>
    <ClCompile Include="nuiRealSenseModule.cpp" />
    <ClCompile Include="ocvRealsenseWrapper.cpp" />
    <ClCompile Include="rs2DeviceContainer.cpp" />
    <ClCompile Include="static.cpp" />
    <ClCompile Include="ocl3DPointCloudRotation.cpp">
      <Filter>ocl</Filter>
    </ClCompile>
    <ClCompile Include="oclDepthToWorld.cpp">
      <Filter>ocl</Filter>
    </ClCompile>
    <ClCompile Include="oclRSWorldProcessor.cpp">
      <Filter>ocl</Filter>
    </ClCompile>
    <ClCompile Include="oclThreshold.cpp">
      <Filter>ocl</Filter>
    </ClCompile>
    <ClCompile Include="helpers.cpp" />
  </ItemGroup>
  <ItemGroup>
    <ClInclude Include="nuiRealSenseModule.h" />
    <ClInclude Include="ocvRealsenseWrapper.h" />
    <ClInclude Include="rs2DeviceContainer.h" />
    <ClInclude Include="static.h" />
    <ClInclude Include="ocl3DPointCloudRotation.h">
      <Filter>ocl</Filter>
    </ClInclude>
    <ClInclude Include="oclDepthToWorld.h">
      <Filter>ocl</Filter>
    </ClInclude>
    <ClInclude Include="oclRSWorldProcessor.h">
      <Filter>ocl</Filter>
    </ClInclude>
    <ClInclude Include="oclThreshold.h">
      <Filter>ocl</Filter>
    </ClInclude>
    <ClInclude Include="helpers.h" />
  </ItemGroup>
  <ItemGroup>
    <Filter Include="ocl">
      <UniqueIdentifier>{4965d8c7-ba8d-4dcc-af3c-090c9aebae0b}</UniqueIdentifier>
    </Filter>
    <Filter Include="ocl\kernels">
      <UniqueIdentifier>{1af769b5-dafd-4265-a46a-5d763df234fb}</UniqueIdentifier>
    </Filter>
  </ItemGroup>
  <ItemGroup>
    <None Include="ocl\calcWorldCoordinatesNormal.cl">
      <Filter>ocl\kernels</Filter>
    </None>
    <None Include="ocl\rotate.cl">
      <Filter>ocl\kernels</Filter>
    </None>
    <None Include="ocl\processWorld.cl">
      <Filter>ocl\kernels</Filter>
    </None>
    <None Include="ocl\getTouchedPoints.cl">
      <Filter>ocl\kernels</Filter>
    </None>
  </ItemGroup>
</Project>