
Microsoft Visual Studio Solution File, Format Version 12.00
# Visual Studio 15
VisualStudioVersion = 15.0.27703.2026
MinimumVisualStudioVersion = 10.0.40219.1
Project("{2150E333-8FDC-42A3-9474-1A3956D46DE8}") = "Application", "Application", "{CDD30EEA-E777-4703-92FE-26EC90B86CE4}"
EndProject
Project("{2150E333-8FDC-42A3-9474-1A3956D46DE8}") = "Libraries", "Libraries", "{6A0C656A-FE97-4C93-961E-5E764EF010EB}"
EndProject
Project("{2150E333-8FDC-42A3-9474-1A3956D46DE8}") = "3rdParty", "3rdParty", "{2D270F82-ED55-45D4-B96E-3043334BFA36}"
EndProject
Project("{8BC9CEB8-8B4A-11D0-8D11-00A0C91BC942}") = "nuiFramework", "..\..\libs\nuiFramework\make\nuiFramework.vcxproj", "{DB34BFFE-533F-4FFA-A784-46508142E2CA}"
	ProjectSection(ProjectDependencies) = postProject
		{A6F3D524-2274-4117-BF4B-3155232CE0FC} = {A6F3D524-2274-4117-BF4B-3155232CE0FC}
		{C07E7C37-CAE5-422F-B072-3F9DC71B0DB2} = {C07E7C37-CAE5-422F-B072-3F9DC71B0DB2}
		{70A18341-3B6E-460D-B9A6-4F583D786C69} = {70A18341-3B6E-460D-B9A6-4F583D786C69}
		{7D404C9F-03D5-4E7F-A9C0-2792104C603F} = {7D404C9F-03D5-4E7F-A9C0-2792104C603F}
		{2D5C91FF-2601-4134-A3E1-3D6A50B9B24C} = {2D5C91FF-2601-4134-A3E1-3D6A50B9B24C}
	EndProjectSection
EndProject
Project("{8BC9CEB8-8B4A-11D0-8D11-00A0C91BC942}") = "nuiSystem", "..\..\libs\nuiSystem\make\nuiSystem.vcxproj", "{2D5C91FF-2601-4134-A3E1-3D6A50B9B24C}"
	ProjectSection(ProjectDependencies) = postProject
		{A6F3D524-2274-4117-BF4B-3155232CE0FC} = {A6F3D524-2274-4117-BF4B-3155232CE0FC}
		{C07E7C37-CAE5-422F-B072-3F9DC71B0DB2} = {C07E7C37-CAE5-422F-B072-3F9DC71B0DB2}
		{7D404C9F-03D5-4E7F-A9C0-2792104C603F} = {7D404C9F-03D5-4E7F-A9C0-2792104C603F}
		{F02CF2EF-E645-41B7-93CB-A1F89DECFAAA} = {F02CF2EF-E645-41B7-93CB-A1F89DECFAAA}
	EndProjectSection
EndProject
Project("{8BC9CEB8-8B4A-11D0-8D11-00A0C91BC942}") = "cJSON", "..\..\libs\3rdParty\cJSON\make\vs2010\cJSON\cJSON.vcxproj", "{F02CF2EF-E645-41B7-93CB-A1F89DECFAAA}"
EndProject
Project("{2150E333-8FDC-42A3-9474-1A3956D46DE8}") = "Tests", "Tests", "{39DB0429-B02B-4FCB-97E6-FB1DB6B0B608}"
EndProject
Project("{8BC9CEB8-8B4A-11D0-8D11-00A0C91BC942}") = "nuiModule", "..\..\libs\nuiModule\make\vc2010\nuiModule.vcxproj", "{70A18341-3B6E-460D-B9A6-4F583D786C69}"
	ProjectSection(ProjectDependencies) = postProject
		{A6F3D524-2274-4117-BF4B-3155232CE0FC} = {A6F3D524-2274-4117-BF4B-3155232CE0FC}
		{C07E7C37-CAE5-422F-B072-3F9DC71B0DB2} = {C07E7C37-CAE5-422F-B072-3F9DC71B0DB2}
		{7D404C9F-03D5-4E7F-A9C0-2792104C603F} = {7D404C9F-03D5-4E7F-A9C0-2792104C603F}
		{F02CF2EF-E645-41B7-93CB-A1F89DECFAAA} = {F02CF2EF-E645-41B7-93CB-A1F89DECFAAA}
		{2D5C91FF-2601-4134-A3E1-3D6A50B9B24C} = {2D5C91FF-2601-4134-A3E1-3D6A50B9B24C}
	EndProjectSection
EndProject
Project("{8BC9CEB8-8B4A-11D0-8D11-00A0C91BC942}") = "json-cpp", "..\..\libs\3rdParty\json-cpp\make\vs2010\json-cpp\json-cpp.vcxproj", "{C07E7C37-CAE5-422F-B072-3F9DC71B0DB2}"
	ProjectSection(ProjectDependencies) = postProject
		{A6F3D524-2274-4117-BF4B-3155232CE0FC} = {A6F3D524-2274-4117-BF4B-3155232CE0FC}
	EndProjectSection
EndProject
Project("{8BC9CEB8-8B4A-11D0-8D11-00A0C91BC942}") = "json-rpc", "..\..\libs\3rdParty\json-rpc\make\vs2010\json-rpc\json-rpc.vcxproj", "{7D404C9F-03D5-4E7F-A9C0-2792104C603F}"
	ProjectSection(ProjectDependencies) = postProject
		{A6F3D524-2274-4117-BF4B-3155232CE0FC} = {A6F3D524-2274-4117-BF4B-3155232CE0FC}
		{F02CF2EF-E645-41B7-93CB-A1F89DECFAAA} = {F02CF2EF-E645-41B7-93CB-A1F89DECFAAA}
	EndProjectSection
EndProject
Project("{8BC9CEB8-8B4A-11D0-8D11-00A0C91BC942}") = "ptypes", "..\..\libs\3rdParty\ptypes-2.1.1\win32\ptypes.vcxproj", "{A6F3D524-2274-4117-BF4B-3155232CE0FC}"
EndProject
Project("{2150E333-8FDC-42A3-9474-1A3956D46DE8}") = "Framework", "Framework", "{2DEC5F21-9A6E-484E-8B54-44AF04E99AD5}"
EndProject
Project("{8BC9CEB8-8B4A-11D0-8D11-00A0C91BC942}") = "nuiVideoFileSource", "..\..\modules\nuiVideoFileSource\nuiVideoFileSource.vcxproj", "{02B4AF8F-C62A-4A8E-85E2-81E3E4E915F0}"
EndProject
Project("{8BC9CEB8-8B4A-11D0-8D11-00A0C91BC942}") = "nuiPS3Module", "..\..\modules\nuiPS3Module\make\nuiPS3Module.vcxproj", "{BE7918C3-E357-432A-8023-AFE3929FFFE2}"
EndProject
Project("{8BC9CEB8-8B4A-11D0-8D11-00A0C91BC942}") = "nuiHighpassFilter", "..\..\modules\nuiHighpassFilter\nuiHighpassFilter.vcxproj", "{6F67F514-FDA0-4ED4-9B9A-7613F1CADF27}"
EndProject
Project("{8BC9CEB8-8B4A-11D0-8D11-00A0C91BC942}") = "nuiGaussianBlurFilter", "..\..\modules\nuiGaussianBlurFilter\nuiGaussianBlurFilter.vcxproj", "{30867EAC-56EE-4854-AE55-38DC96846A61}"
EndProject
Project("{8BC9CEB8-8B4A-11D0-8D11-00A0C91BC942}") = "nuiExampleModule", "..\..\modules\nuiExampleModule\nuiExampleModule.vcxproj", "{CD9987A4-C718-45FD-B604-718EF2224506}"
	ProjectSection(ProjectDependencies) = postProject
		{A6F3D524-2274-4117-BF4B-3155232CE0FC} = {A6F3D524-2274-4117-BF4B-3155232CE0FC}
	EndProjectSection
EndProject
Project("{8BC9CEB8-8B4A-11D0-8D11-00A0C91BC942}") = "nuiEdgeFilterModule", "..\..\modules\nuiEdgeFilterModule\nuiEdgeFilterModule.vcxproj", "{DB9C713D-93EF-4710-992C-0DD1CBB6CD81}"
EndProject
Project("{8BC9CEB8-8B4A-11D0-8D11-00A0C91BC942}") = "nuiDebugVideoSink", "..\..\modules\nuiDebugVideoSink\make\nuiDebugVideoSink.vcxproj", "{BE7207F0-01E2-4C74-BA1F-A788092614F5}"
	ProjectSection(ProjectDependencies) = postProject
		{A6F3D524-2274-4117-BF4B-3155232CE0FC} = {A6F3D524-2274-4117-BF4B-3155232CE0FC}
	EndProjectSection
EndProject
Project("{8BC9CEB8-8B4A-11D0-8D11-00A0C91BC942}") = "nuiBackgroundSubtractModule", "..\..\modules\nuiBackgroundSubtractModule\nuiBackgroundSubtractModule.vcxproj", "{071F4BD0-2A6C-4B0F-9250-05B5243B8DAE}"
	ProjectSection(ProjectDependencies) = postProject
		{A6F3D524-2274-4117-BF4B-3155232CE0FC} = {A6F3D524-2274-4117-BF4B-3155232CE0FC}
	EndProjectSection
EndProject
Project("{2150E333-8FDC-42A3-9474-1A3956D46DE8}") = "Modules", "Modules", "{E54B6C2F-FD72-4266-A610-BF9FC7EFA34E}"
EndProject
Project("{8BC9CEB8-8B4A-11D0-8D11-00A0C91BC942}") = "nuiWebcamModule", "..\..\modules\nuiWebcamModule\nuiWebcamModule.vcxproj", "{3CAAB155-4387-4416-B5D8-68157E16A044}"
EndProject
Project("{8BC9CEB8-8B4A-11D0-8D11-00A0C91BC942}") = "nuiServerApplication", "nuiServerApplication\nuiServerApplication.vcxproj", "{6D675F85-076E-40BE-8424-7272632B2849}"
EndProject
Project("{8BC9CEB8-8B4A-11D0-8D11-00A0C91BC942}") = "nuiRealSenseModule", "..\..\modules\nuiRealSenseModule\nuiRealSenseModule.vcxproj", "{D48E544A-4402-4F6E-A587-F9C9340DDD89}"
EndProject
Project("{8BC9CEB8-8B4A-11D0-8D11-00A0C91BC942}") = "PluginManagerTest", "..\..\tests\PluginManagerTest\PluginManagerTest.vcxproj", "{A62FABCB-B5E4-4FEE-A0B4-B004AEA78E95}"
	ProjectSection(ProjectDependencies) = postProject
		{A6F3D524-2274-4117-BF4B-3155232CE0FC} = {A6F3D524-2274-4117-BF4B-3155232CE0FC}
		{C07E7C37-CAE5-422F-B072-3F9DC71B0DB2} = {C07E7C37-CAE5-422F-B072-3F9DC71B0DB2}
		{70A18341-3B6E-460D-B9A6-4F583D786C69} = {70A18341-3B6E-460D-B9A6-4F583D786C69}
		{7D404C9F-03D5-4E7F-A9C0-2792104C603F} = {7D404C9F-03D5-4E7F-A9C0-2792104C603F}
		{F02CF2EF-E645-41B7-93CB-A1F89DECFAAA} = {F02CF2EF-E645-41B7-93CB-A1F89DECFAAA}
		{DB34BFFE-533F-4FFA-A784-46508142E2CA} = {DB34BFFE-533F-4FFA-A784-46508142E2CA}
		{2D5C91FF-2601-4134-A3E1-3D6A50B9B24C} = {2D5C91FF-2601-4134-A3E1-3D6A50B9B24C}
	EndProjectSection
EndProject
Project("{8BC9CEB8-8B4A-11D0-8D11-00A0C91BC942}") = "nuiOpenCl", "..\..\libs\nuiOpenCl\make\nuiOpenCl.vcxproj", "{C052062A-F933-480C-886E-F2439D89E5CF}"
EndProject
Project("{8BC9CEB8-8B4A-11D0-8D11-00A0C91BC942}") = "nuiCPUFiltersModule", "..\..\modules\nuiCPUFiltersModule\nuiCPUFiltersModule.vcxproj", "{2FD3B5A8-E4AE-4489-894F-47FAB8A40032}"
EndProject
Project("{8BC9CEB8-8B4A-11D0-8D11-00A0C91BC942}") = "nuiBlobTrackerModule", "..\..\modules\nuiBlobTrackerModule\nuiBlobTrackerModule.vcxproj", "{90B0D36C-FE92-4788-B8D4-F364108EB207}"
EndProject
Project("{8BC9CEB8-8B4A-11D0-8D11-00A0C91BC942}") = "nuiContourFinderModule", "..\..\modules\nuiContourFinderModule\nuiContourFinderModule.vcxproj", "{183997B4-798E-416F-9C1D-290951E5809A}"
EndProject
Project("{8BC9CEB8-8B4A-11D0-8D11-00A0C91BC942}") = "nuiTUIOOutputModule", "..\..\modules\nuiTUIOOutputModule\nuiTUIOOutputModule.vcxproj", "{7714D08D-EA98-4AB2-8662-2AA63674319F}"
EndProject
Project("{8BC9CEB8-8B4A-11D0-8D11-00A0C91BC942}") = "libTUIO2", "..\..\libs\3rdParty\TUIO20_CPP\demos\libTUIO2.vcxproj", "{E1C28E7D-466C-4D0A-AEB1-CFFD0F6F5645}"
EndProject
Global
	GlobalSection(SolutionConfigurationPlatforms) = preSolution
		Debug|Win32 = Debug|Win32
		Debug|x64 = Debug|x64
		Release|Win32 = Release|Win32
		Release|x64 = Release|x64
	EndGlobalSection
	GlobalSection(ProjectConfigurationPlatforms) = postSolution
		{DB34BFFE-533F-4FFA-A784-46508142E2CA}.Debug|Win32.ActiveCfg = Debug|Win32
		{DB34BFFE-533F-4FFA-A784-46508142E2CA}.Debug|Win32.Build.0 = Debug|Win32
		{DB34BFFE-533F-4FFA-A784-46508142E2CA}.Debug|x64.ActiveCfg = Debug|Win32
		{DB34BFFE-533F-4FFA-A784-46508142E2CA}.Release|Win32.ActiveCfg = Release|Win32
		{DB34BFFE-533F-4FFA-A784-46508142E2CA}.Release|Win32.Build.0 = Release|Win32
		{DB34BFFE-533F-4FFA-A784-46508142E2CA}.Release|x64.ActiveCfg = Release|Win32
		{2D5C91FF-2601-4134-A3E1-3D6A50B9B24C}.Debug|Win32.ActiveCfg = Debug|Win32
		{2D5C91FF-2601-4134-A3E1-3D6A50B9B24C}.Debug|Win32.Build.0 = Debug|Win32
		{2D5C91FF-2601-4134-A3E1-3D6A50B9B24C}.Debug|x64.ActiveCfg = Debug|Win32
		{2D5C91FF-2601-4134-A3E1-3D6A50B9B24C}.Release|Win32.ActiveCfg = Release|Win32
		{2D5C91FF-2601-4134-A3E1-3D6A50B9B24C}.Release|Win32.Build.0 = Release|Win32
		{2D5C91FF-2601-4134-A3E1-3D6A50B9B24C}.Release|x64.ActiveCfg = Release|Win32
		{F02CF2EF-E645-41B7-93CB-A1F89DECFAAA}.Debug|Win32.ActiveCfg = Debug|Win32
		{F02CF2EF-E645-41B7-93CB-A1F89DECFAAA}.Debug|Win32.Build.0 = Debug|Win32
		{F02CF2EF-E645-41B7-93CB-A1F89DECFAAA}.Debug|x64.ActiveCfg = Debug|Win32
		{F02CF2EF-E645-41B7-93CB-A1F89DECFAAA}.Release|Win32.ActiveCfg = Release|Win32
		{F02CF2EF-E645-41B7-93CB-A1F89DECFAAA}.Release|Win32.Build.0 = Release|Win32
		{F02CF2EF-E645-41B7-93CB-A1F89DECFAAA}.Release|x64.ActiveCfg = Release|Win32
		{70A18341-3B6E-460D-B9A6-4F583D786C69}.Debug|Win32.ActiveCfg = Debug|Win32
		{70A18341-3B6E-460D-B9A6-4F583D786C69}.Debug|Win32.Build.0 = Debug|Win32
		{70A18341-3B6E-460D-B9A6-4F583D786C69}.Debug|x64.ActiveCfg = Debug|Win32
		{70A18341-3B6E-460D-B9A6-4F583D786C69}.Release|Win32.ActiveCfg = Release|Win32
		{70A18341-3B6E-460D-B9A6-4F583D786C69}.Release|Win32.Build.0 = Release|Win32
		{70A18341-3B6E-460D-B9A6-4F583D786C69}.Release|x64.ActiveCfg = Release|Win32
		{C07E7C37-CAE5-422F-B072-3F9DC71B0DB2}.Debug|Win32.ActiveCfg = Debug|Win32
		{C07E7C37-CAE5-422F-B072-3F9DC71B0DB2}.Debug|Win32.Build.0 = Debug|Win32
		{C07E7C37-CAE5-422F-B072-3F9DC71B0DB2}.Debug|x64.ActiveCfg = Debug|Win32
		{C07E7C37-CAE5-422F-B072-3F9DC71B0DB2}.Release|Win32.ActiveCfg = Release|Win32
		{C07E7C37-CAE5-422F-B072-3F9DC71B0DB2}.Release|Win32.Build.0 = Release|Win32
		{C07E7C37-CAE5-422F-B072-3F9DC71B0DB2}.Release|x64.ActiveCfg = Release|Win32
		{7D404C9F-03D5-4E7F-A9C0-2792104C603F}.Debug|Win32.ActiveCfg = Debug|Win32
		{7D404C9F-03D5-4E7F-A9C0-2792104C603F}.Debug|Win32.Build.0 = Debug|Win32
		{7D404C9F-03D5-4E7F-A9C0-2792104C603F}.Debug|x64.ActiveCfg = Debug|Win32
		{7D404C9F-03D5-4E7F-A9C0-2792104C603F}.Release|Win32.ActiveCfg = Release|Win32
		{7D404C9F-03D5-4E7F-A9C0-2792104C603F}.Release|Win32.Build.0 = Release|Win32
		{7D404C9F-03D5-4E7F-A9C0-2792104C603F}.Release|x64.ActiveCfg = Release|Win32
		{A6F3D524-2274-4117-BF4B-3155232CE0FC}.Debug|Win32.ActiveCfg = Debug|Win32
		{A6F3D524-2274-4117-BF4B-3155232CE0FC}.Debug|Win32.Build.0 = Debug|Win32
		{A6F3D524-2274-4117-BF4B-3155232CE0FC}.Debug|x64.ActiveCfg = Debug|Win32
		{A6F3D524-2274-4117-BF4B-3155232CE0FC}.Release|Win32.ActiveCfg = Release|Win32
		{A6F3D524-2274-4117-BF4B-3155232CE0FC}.Release|Win32.Build.0 = Release|Win32
		{A6F3D524-2274-4117-BF4B-3155232CE0FC}.Release|x64.ActiveCfg = Release|Win32
		{02B4AF8F-C62A-4A8E-85E2-81E3E4E915F0}.Debug|Win32.ActiveCfg = Debug|Win32
		{02B4AF8F-C62A-4A8E-85E2-81E3E4E915F0}.Debug|Win32.Build.0 = Debug|Win32
		{02B4AF8F-C62A-4A8E-85E2-81E3E4E915F0}.Debug|x64.ActiveCfg = Debug|Win32
		{02B4AF8F-C62A-4A8E-85E2-81E3E4E915F0}.Release|Win32.ActiveCfg = Release|Win32
		{02B4AF8F-C62A-4A8E-85E2-81E3E4E915F0}.Release|Win32.Build.0 = Release|Win32
		{02B4AF8F-C62A-4A8E-85E2-81E3E4E915F0}.Release|x64.ActiveCfg = Release|Win32
		{BE7918C3-E357-432A-8023-AFE3929FFFE2}.Debug|Win32.ActiveCfg = Debug|Win32
		{BE7918C3-E357-432A-8023-AFE3929FFFE2}.Debug|Win32.Build.0 = Debug|Win32
		{BE7918C3-E357-432A-8023-AFE3929FFFE2}.Debug|x64.ActiveCfg = Debug|Win32
		{BE7918C3-E357-432A-8023-AFE3929FFFE2}.Release|Win32.ActiveCfg = Release|Win32
		{BE7918C3-E357-432A-8023-AFE3929FFFE2}.Release|Win32.Build.0 = Release|Win32
		{BE7918C3-E357-432A-8023-AFE3929FFFE2}.Release|x64.ActiveCfg = Release|Win32
		{6F67F514-FDA0-4ED4-9B9A-7613F1CADF27}.Debug|Win32.ActiveCfg = Debug|Win32
		{6F67F514-FDA0-4ED4-9B9A-7613F1CADF27}.Debug|Win32.Build.0 = Debug|Win32
		{6F67F514-FDA0-4ED4-9B9A-7613F1CADF27}.Debug|x64.ActiveCfg = Debug|Win32
		{6F67F514-FDA0-4ED4-9B9A-7613F1CADF27}.Release|Win32.ActiveCfg = Release|Win32
		{6F67F514-FDA0-4ED4-9B9A-7613F1CADF27}.Release|Win32.Build.0 = Release|Win32
		{6F67F514-FDA0-4ED4-9B9A-7613F1CADF27}.Release|x64.ActiveCfg = Release|Win32
		{30867EAC-56EE-4854-AE55-38DC96846A61}.Debug|Win32.ActiveCfg = Debug|Win32
		{30867EAC-56EE-4854-AE55-38DC96846A61}.Debug|Win32.Build.0 = Debug|Win32
		{30867EAC-56EE-4854-AE55-38DC96846A61}.Debug|x64.ActiveCfg = Debug|Win32
		{30867EAC-56EE-4854-AE55-38DC96846A61}.Release|Win32.ActiveCfg = Release|Win32
		{30867EAC-56EE-4854-AE55-38DC96846A61}.Release|Win32.Build.0 = Release|Win32
		{30867EAC-56EE-4854-AE55-38DC96846A61}.Release|x64.ActiveCfg = Release|Win32
		{CD9987A4-C718-45FD-B604-718EF2224506}.Debug|Win32.ActiveCfg = Debug|Win32
		{CD9987A4-C718-45FD-B604-718EF2224506}.Debug|Win32.Build.0 = Debug|Win32
		{CD9987A4-C718-45FD-B604-718EF2224506}.Debug|x64.ActiveCfg = Debug|Win32
		{CD9987A4-C718-45FD-B604-718EF2224506}.Release|Win32.ActiveCfg = Release|Win32
		{CD9987A4-C718-45FD-B604-718EF2224506}.Release|Win32.Build.0 = Release|Win32
		{CD9987A4-C718-45FD-B604-718EF2224506}.Release|x64.ActiveCfg = Release|Win32
		{DB9C713D-93EF-4710-992C-0DD1CBB6CD81}.Debug|Win32.ActiveCfg = Debug|Win32
		{DB9C713D-93EF-4710-992C-0DD1CBB6CD81}.Debug|Win32.Build.0 = Debug|Win32
		{DB9C713D-93EF-4710-992C-0DD1CBB6CD81}.Debug|x64.ActiveCfg = Debug|Win32
		{DB9C713D-93EF-4710-992C-0DD1CBB6CD81}.Release|Win32.ActiveCfg = Release|Win32
		{DB9C713D-93EF-4710-992C-0DD1CBB6CD81}.Release|Win32.Build.0 = Release|Win32
		{DB9C713D-93EF-4710-992C-0DD1CBB6CD81}.Release|x64.ActiveCfg = Release|Win32
		{BE7207F0-01E2-4C74-BA1F-A788092614F5}.Debug|Win32.ActiveCfg = Debug|Win32
		{BE7207F0-01E2-4C74-BA1F-A788092614F5}.Debug|Win32.Build.0 = Debug|Win32
		{BE7207F0-01E2-4C74-BA1F-A788092614F5}.Debug|x64.ActiveCfg = Debug|Win32
		{BE7207F0-01E2-4C74-BA1F-A788092614F5}.Release|Win32.ActiveCfg = Release|Win32
		{BE7207F0-01E2-4C74-BA1F-A788092614F5}.Release|Win32.Build.0 = Release|Win32
		{BE7207F0-01E2-4C74-BA1F-A788092614F5}.Release|x64.ActiveCfg = Release|Win32
		{071F4BD0-2A6C-4B0F-9250-05B5243B8DAE}.Debug|Win32.ActiveCfg = Debug|Win32
		{071F4BD0-2A6C-4B0F-9250-05B5243B8DAE}.Debug|Win32.Build.0 = Debug|Win32
		{071F4BD0-2A6C-4B0F-9250-05B5243B8DAE}.Debug|x64.ActiveCfg = Debug|Win32
		{071F4BD0-2A6C-4B0F-9250-05B5243B8DAE}.Release|Win32.ActiveCfg = Release|Win32
		{071F4BD0-2A6C-4B0F-9250-05B5243B8DAE}.Release|Win32.Build.0 = Release|Win32
		{071F4BD0-2A6C-4B0F-9250-05B5243B8DAE}.Release|x64.ActiveCfg = Release|Win32
		{3CAAB155-4387-4416-B5D8-68157E16A044}.Debug|Win32.ActiveCfg = Debug|Win32
		{3CAAB155-4387-4416-B5D8-68157E16A044}.Debug|Win32.Build.0 = Debug|Win32
		{3CAAB155-4387-4416-B5D8-68157E16A044}.Debug|x64.ActiveCfg = Debug|Win32
		{3CAAB155-4387-4416-B5D8-68157E16A044}.Release|Win32.ActiveCfg = Release|Win32
		{3CAAB155-4387-4416-B5D8-68157E16A044}.Release|Win32.Build.0 = Release|Win32
		{3CAAB155-4387-4416-B5D8-68157E16A044}.Release|x64.ActiveCfg = Release|Win32
		{6D675F85-076E-40BE-8424-7272632B2849}.Debug|Win32.ActiveCfg = Debug|Win32
		{6D675F85-076E-40BE-8424-7272632B2849}.Debug|Win32.Build.0 = Debug|Win32
		{6D675F85-076E-40BE-8424-7272632B2849}.Debug|x64.ActiveCfg = Debug|Win32
		{6D675F85-076E-40BE-8424-7272632B2849}.Release|Win32.ActiveCfg = Release|Win32
		{6D675F85-076E-40BE-8424-7272632B2849}.Release|Win32.Build.0 = Release|Win32
		{6D675F85-076E-40BE-8424-7272632B2849}.Release|x64.ActiveCfg = Release|Win32
		{D48E544A-4402-4F6E-A587-F9C9340DDD89}.Debug|Win32.ActiveCfg = Debug|Win32
		{D48E544A-4402-4F6E-A587-F9C9340DDD89}.Debug|Win32.Build.0 = Debug|Win32
		{D48E544A-4402-4F6E-A587-F9C9340DDD89}.Debug|x64.ActiveCfg = Debug|Win32
		{D48E544A-4402-4F6E-A587-F9C9340DDD89}.Release|Win32.ActiveCfg = Release|Win32
		{D48E544A-4402-4F6E-A587-F9C9340DDD89}.Release|Win32.Build.0 = Release|Win32
		{D48E544A-4402-4F6E-A587-F9C9340DDD89}.Release|x64.ActiveCfg = Release|Win32
		{A62FABCB-B5E4-4FEE-A0B4-B004AEA78E95}.Debug|Win32.ActiveCfg = Debug|Win32
		{A62FABCB-B5E4-4FEE-A0B4-B004AEA78E95}.Debug|Win32.Build.0 = Debug|Win32
		{A62FABCB-B5E4-4FEE-A0B4-B004AEA78E95}.Debug|x64.ActiveCfg = Debug|Win32
		{A62FABCB-B5E4-4FEE-A0B4-B004AEA78E95}.Release|Win32.ActiveCfg = Release|Win32
		{A62FABCB-B5E4-4FEE-A0B4-B004AEA78E95}.Release|Win32.Build.0 = Release|Win32
		{A62FABCB-B5E4-4FEE-A0B4-B004AEA78E95}.Release|x64.ActiveCfg = Release|Win32
		{C052062A-F933-480C-886E-F2439D89E5CF}.Debug|Win32.ActiveCfg = Debug|Win32
		{C052062A-F933-480C-886E-F2439D89E5CF}.Debug|Win32.Build.0 = Debug|Win32
		{C052062A-F933-480C-886E-F2439D89E5CF}.Debug|x64.ActiveCfg = Debug|x64
		{C052062A-F933-480C-886E-F2439D89E5CF}.Debug|x64.Build.0 = Debug|x64
		{C052062A-F933-480C-886E-F2439D89E5CF}.Release|Win32.ActiveCfg = Release|Win32
		{C052062A-F933-480C-886E-F2439D89E5CF}.Release|Win32.Build.0 = Release|Win32
		{C052062A-F933-480C-886E-F2439D89E5CF}.Release|x64.ActiveCfg = Release|x64
		{C052062A-F933-480C-886E-F2439D89E5CF}.Release|x64.Build.0 = Release|x64
		{2FD3B5A8-E4AE-4489-894F-47FAB8A40032}.Debug|Win32.ActiveCfg = Debug|Win32
		{2FD3B5A8-E4AE-4489-894F-47FAB8A40032}.Debug|Win32.Build.0 = Debug|Win32
		{2FD3B5A8-E4AE-4489-894F-47FAB8A40032}.Debug|x64.ActiveCfg = Debug|Win32
		{2FD3B5A8-E4AE-4489-894F-47FAB8A40032}.Release|Win32.ActiveCfg = Release|Win32
		{2FD3B5A8-E4AE-4489-894F-47FAB8A40032}.Release|Win32.Build.0 = Release|Win32
		{2FD3B5A8-E4AE-4489-894F-47FAB8A40032}.Release|x64.ActiveCfg = Release|Win32
		{90B0D36C-FE92-4788-B8D4-F364108EB207}.Debug|Win32.ActiveCfg = Debug|Win32
		{90B0D36C-FE92-4788-B8D4-F364108EB207}.Debug|Win32.Build.0 = Debug|Win32
		{90B0D36C-FE92-4788-B8D4-F364108EB207}.Debug|x64.ActiveCfg = Debug|Win32
		{90B0D36C-FE92-4788-B8D4-F364108EB207}.Release|Win32.ActiveCfg = Release|Win32
		{90B0D36C-FE92-4788-B8D4-F364108EB207}.Release|Win32.Build.0 = Release|Win32
		{90B0D36C-FE92-4788-B8D4-F364108EB207}.Release|x64.ActiveCfg = Release|Win32
		{183997B4-798E-416F-9C1D-290951E5809A}.Debug|Win32.ActiveCfg = Debug|Win32
		{183997B4-798E-416F-9C1D-290951E5809A}.Debug|Win32.Build.0 = Debug|Win32
		{183997B4-798E-416F-9C1D-290951E5809A}.Debug|x64.ActiveCfg = Debug|Win32
		{183997B4-798E-416F-9C1D-290951E5809A}.Release|Win32.ActiveCfg = Release|Win32
		{183997B4-798E-416F-9C1D-290951E5809A}.Release|Win32.Build.0 = Release|Win32
		{183997B4-798E-416F-9C1D-290951E5809A}.Release|x64.ActiveCfg = Release|Win32
		{7714D08D-EA98-4AB2-8662-2AA63674319F}.Debug|Win32.ActiveCfg = Debug|Win32
		{7714D08D-EA98-4AB2-8662-2AA63674319F}.Debug|Win32.Build.0 = Debug|Win32
		{7714D08D-EA98-4AB2-8662-2AA63674319F}.Debug|x64.ActiveCfg = Debug|Win32
		{7714D08D-EA98-4AB2-8662-2AA63674319F}.Release|Win32.ActiveCfg = Release|Win32
		{7714D08D-EA98-4AB2-8662-2AA63674319F}.Release|Win32.Build.0 = Release|Win32
		{7714D08D-EA98-4AB2-8662-2AA63674319F}.Release|x64.ActiveCfg = Release|Win32
		{E1C28E7D-466C-4D0A-AEB1-CFFD0F6F5645}.Debug|Win32.ActiveCfg = Debug|Win32
		{E1C28E7D-466C-4D0A-AEB1-CFFD0F6F5645}.Debug|Win32.Build.0 = Debug|Win32
		{E1C28E7D-466C-4D0A-AEB1-CFFD0F6F5645}.Debug|x64.ActiveCfg = Debug|x64
		{E1C28E7D-466C-4D0A-AEB1-CFFD0F6F5645}.Debug|x64.Build.0 = Debug|x64
		{E1C28E7D-466C-4D0A-AEB1-CFFD0F6F5645}.Release|Win32.ActiveCfg = Release|Win32
		{E1C28E7D-466C-4D0A-AEB1-CFFD0F6F5645}.Release|Win32.Build.0 = Release|Win32
		{E1C28E7D-466C-4D0A-AEB1-CFFD0F6F5645}.Release|x64.ActiveCfg = Release|x64
		{E1C28E7D-466C-4D0A-AEB1-CFFD0F6F5645}.Release|x64.Build.0 = Release|x64
	EndGlobalSection
	GlobalSection(SolutionProperties) = preSolution
		HideSolutionNode = FALSE
	EndGlobalSection
	GlobalSection(NestedProjects) = preSolution
		{2D270F82-ED55-45D4-B96E-3043334BFA36} = {6A0C656A-FE97-4C93-961E-5E764EF010EB}
		{DB34BFFE-533F-4FFA-A784-46508142E2CA} = {2DEC5F21-9A6E-484E-8B54-44AF04E99AD5}
		{2D5C91FF-2601-4134-A3E1-3D6A50B9B24C} = {2DEC5F21-9A6E-484E-8B54-44AF04E99AD5}
		{F02CF2EF-E645-41B7-93CB-A1F89DECFAAA} = {2D270F82-ED55-45D4-B96E-3043334BFA36}
		{70A18341-3B6E-460D-B9A6-4F583D786C69} = {2DEC5F21-9A6E-484E-8B54-44AF04E99AD5}
		{C07E7C37-CAE5-422F-B072-3F9DC71B0DB2} = {2D270F82-ED55-45D4-B96E-3043334BFA36}
		{7D404C9F-03D5-4E7F-A9C0-2792104C603F} = {2D270F82-ED55-45D4-B96E-3043334BFA36}
		{A6F3D524-2274-4117-BF4B-3155232CE0FC} = {2D270F82-ED55-45D4-B96E-3043334BFA36}
		{02B4AF8F-C62A-4A8E-85E2-81E3E4E915F0} = {E54B6C2F-FD72-4266-A610-BF9FC7EFA34E}
		{BE7918C3-E357-432A-8023-AFE3929FFFE2} = {E54B6C2F-FD72-4266-A610-BF9FC7EFA34E}
		{6F67F514-FDA0-4ED4-9B9A-7613F1CADF27} = {E54B6C2F-FD72-4266-A610-BF9FC7EFA34E}
		{30867EAC-56EE-4854-AE55-38DC96846A61} = {E54B6C2F-FD72-4266-A610-BF9FC7EFA34E}
		{CD9987A4-C718-45FD-B604-718EF2224506} = {E54B6C2F-FD72-4266-A610-BF9FC7EFA34E}
		{DB9C713D-93EF-4710-992C-0DD1CBB6CD81} = {E54B6C2F-FD72-4266-A610-BF9FC7EFA34E}
		{BE7207F0-01E2-4C74-BA1F-A788092614F5} = {E54B6C2F-FD72-4266-A610-BF9FC7EFA34E}
		{071F4BD0-2A6C-4B0F-9250-05B5243B8DAE} = {E54B6C2F-FD72-4266-A610-BF9FC7EFA34E}
		{3CAAB155-4387-4416-B5D8-68157E16A044} = {E54B6C2F-FD72-4266-A610-BF9FC7EFA34E}
		{6D675F85-076E-40BE-8424-7272632B2849} = {CDD30EEA-E777-4703-92FE-26EC90B86CE4}
		{D48E544A-4402-4F6E-A587-F9C9340DDD89} = {E54B6C2F-FD72-4266-A610-BF9FC7EFA34E}
		{C052062A-F933-480C-886E-F2439D89E5CF} = {2DEC5F21-9A6E-484E-8B54-44AF04E99AD5}
		{2FD3B5A8-E4AE-4489-894F-47FAB8A40032} = {E54B6C2F-FD72-4266-A610-BF9FC7EFA34E}
		{90B0D36C-FE92-4788-B8D4-F364108EB207} = {E54B6C2F-FD72-4266-A610-BF9FC7EFA34E}
		{183997B4-798E-416F-9C1D-290951E5809A} = {E54B6C2F-FD72-4266-A610-BF9FC7EFA34E}
		{7714D08D-EA98-4AB2-8662-2AA63674319F} = {E54B6C2F-FD72-4266-A610-BF9FC7EFA34E}
		{E1C28E7D-466C-4D0A-AEB1-CFFD0F6F5645} = {2D270F82-ED55-45D4-B96E-3043334BFA36}
	EndGlobalSection
	GlobalSection(ExtensibilityGlobals) = postSolution
		{A62FABCB-B5E4-4FEE-A0B4-B004AEA78E95} = {39DB0429-B02B-4FCB-97E6-FB1DB6B0B608}
		{DB34BFFE-533F-4FFA-A784-46508142E2CA} = {2DEC5F21-9A6E-484E-8B54-44AF04E99AD5}
		{70A18341-3B6E-460D-B9A6-4F583D786C69} = {2DEC5F21-9A6E-484E-8B54-44AF04E99AD5}
		{2D5C91FF-2601-4134-A3E1-3D6A50B9B24C} = {2DEC5F21-9A6E-484E-8B54-44AF04E99AD5}
		{A6F3D524-2274-4117-BF4B-3155232CE0FC} = {2D270F82-ED55-45D4-B96E-3043334BFA36}
		{7D404C9F-03D5-4E7F-A9C0-2792104C603F} = {2D270F82-ED55-45D4-B96E-3043334BFA36}
		{C07E7C37-CAE5-422F-B072-3F9DC71B0DB2} = {2D270F82-ED55-45D4-B96E-3043334BFA36}
		SolutionGuid = {6B652BF8-6B7B-4E44-A90F-B8CCBF039EC7}
	EndGlobalSection
EndGlobal
